
Microsoft Visual Studio Solution File, Format Version 12.00
# Visual Studio Version 17
VisualStudioVersion = 17.8.34322.80
MinimumVisualStudioVersion = 10.0.40219.1
Project("{FAE04EC0-301F-11D3-BF4B-00C04F79EFBC}") = "MeshaaMouldingsInvoice", "WpfApp1\MeshaaMouldingsInvoice.csproj", "{3FE39F3A-E634-4023-BE3E-8BF0052B86FB}"
EndProject
Project("{FAE04EC0-301F-11D3-BF4B-00C04F79EFBC}") = "InvoiceCommonData", "InvoiceCommonData\InvoiceCommonData.csproj", "{FFC658AA-A193-4522-918B-93D7A5A43822}"
EndProject
Global
	GlobalSection(SolutionConfigurationPlatforms) = preSolution
		Debug|Any CPU = Debug|Any CPU
		Release|Any CPU = Release|Any CPU
	EndGlobalSection
	GlobalSection(ProjectConfigurationPlatforms) = postSolution
		{3FE39F3A-E634-4023-BE3E-8BF0052B86FB}.Debug|Any CPU.ActiveCfg = Debug|Any CPU
		{3FE39F3A-E634-4023-BE3E-8BF0052B86FB}.Debug|Any CPU.Build.0 = Debug|Any CPU
		{3FE39F3A-E634-4023-BE3E-8BF0052B86FB}.Release|Any CPU.ActiveCfg = Release|Any CPU
		{3FE39F3A-E634-4023-BE3E-8BF0052B86FB}.Release|Any CPU.Build.0 = Release|Any CPU
		{FFC658AA-A193-4522-918B-93D7A5A43822}.Debug|Any CPU.ActiveCfg = Debug|Any CPU
		{FFC658AA-A193-4522-918B-93D7A5A43822}.Debug|Any CPU.Build.0 = Debug|Any CPU
		{FFC658AA-A193-4522-918B-93D7A5A43822}.Release|Any CPU.ActiveCfg = Release|Any CPU
		{FFC658AA-A193-4522-918B-93D7A5A43822}.Release|Any CPU.Build.0 = Release|Any CPU
	EndGlobalSection
	GlobalSection(SolutionProperties) = preSolution
		HideSolutionNode = FALSE
	EndGlobalSection
	GlobalSection(ExtensibilityGlobals) = postSolution
		SolutionGuid = {BC8F9B4B-E8A7-477D-89C0-C642E220F422}
	EndGlobalSection
EndGlobal
